
Microsoft Visual Studio Solution File, Format Version 12.00
# Visual Studio Version 16
VisualStudioVersion = 16.0.30225.117
MinimumVisualStudioVersion = 10.0.40219.1
Project("{FAE04EC0-301F-11D3-BF4B-00C04F79EFBC}") = "Horse Race", "Horse Race\Horse Race.csproj", "{4FEDC60A-2575-4F98-AE82-183F688DD9C1}"
EndProject
Project("{FAE04EC0-301F-11D3-BF4B-00C04F79EFBC}") = "UnitTestHR", "UnitTestHR\UnitTestHR.csproj", "{7DD82003-6B1C-447E-AED2-4C5B11FCD0BC}"
EndProject
Global
	GlobalSection(SolutionConfigurationPlatforms) = preSolution
		Debug|Any CPU = Debug|Any CPU
		Release|Any CPU = Release|Any CPU
	EndGlobalSection
	GlobalSection(ProjectConfigurationPlatforms) = postSolution
		{4FEDC60A-2575-4F98-AE82-183F688DD9C1}.Debug|Any CPU.ActiveCfg = Debug|Any CPU
		{4FEDC60A-2575-4F98-AE82-183F688DD9C1}.Debug|Any CPU.Build.0 = Debug|Any CPU
		{4FEDC60A-2575-4F98-AE82-183F688DD9C1}.Release|Any CPU.ActiveCfg = Release|Any CPU
		{4FEDC60A-2575-4F98-AE82-183F688DD9C1}.Release|Any CPU.Build.0 = Release|Any CPU
		{7DD82003-6B1C-447E-AED2-4C5B11FCD0BC}.Debug|Any CPU.ActiveCfg = Debug|Any CPU
		{7DD82003-6B1C-447E-AED2-4C5B11FCD0BC}.Debug|Any CPU.Build.0 = Debug|Any CPU
		{7DD82003-6B1C-447E-AED2-4C5B11FCD0BC}.Release|Any CPU.ActiveCfg = Release|Any CPU
		{7DD82003-6B1C-447E-AED2-4C5B11FCD0BC}.Release|Any CPU.Build.0 = Release|Any CPU
	EndGlobalSection
	GlobalSection(SolutionProperties) = preSolution
		HideSolutionNode = FALSE
	EndGlobalSection
	GlobalSection(ExtensibilityGlobals) = postSolution
		SolutionGuid = {15980CEF-A818-4005-8E0C-552124F28A56}
	EndGlobalSection
EndGlobal
